
Microsoft Visual Studio Solution File, Format Version 12.00
# Visual Studio Version 17
VisualStudioVersion = 17.2.32616.157
MinimumVisualStudioVersion = 10.0.40219.1
Project("{FAE04EC0-301F-11D3-BF4B-00C04F79EFBC}") = "Portafolio", "Portafolio.csproj", "{416DF99F-6C01-443A-8082-9B90D22E9F7E}"
EndProject
Global
	GlobalSection(SolutionConfigurationPlatforms) = preSolution
		Debug|Any CPU = Debug|Any CPU
		Release|Any CPU = Release|Any CPU
	EndGlobalSection
	GlobalSection(ProjectConfigurationPlatforms) = postSolution
		{416DF99F-6C01-443A-8082-9B90D22E9F7E}.Debug|Any CPU.ActiveCfg = Debug|Any CPU
		{416DF99F-6C01-443A-8082-9B90D22E9F7E}.Debug|Any CPU.Build.0 = Debug|Any CPU
		{416DF99F-6C01-443A-8082-9B90D22E9F7E}.Release|Any CPU.ActiveCfg = Release|Any CPU
		{416DF99F-6C01-443A-8082-9B90D22E9F7E}.Release|Any CPU.Build.0 = Release|Any CPU
	EndGlobalSection
	GlobalSection(SolutionProperties) = preSolution
		HideSolutionNode = FALSE
	EndGlobalSection
	GlobalSection(ExtensibilityGlobals) = postSolution
		SolutionGuid = {BF30D8C4-7386-4DED-A96A-373D669235FD}
	EndGlobalSection
EndGlobal
